PODS:
  - boost (1.76.0)
  - breez_sdk (0.5.0):
    - BreezSDK (= 0.5.0)
    - React-Core
  - breez_sdkFFI (0.5.0)
  - BreezSDK (0.5.0):
    - breez_sdkFFI (= 0.5.0)
  - CocoaAsyncSocket (7.6.5)
  - DoubleConversion (1.1.6)
  - EXApplication (5.3.1):
    - ExpoModulesCore
  - EXBarCodeScanner (12.5.3):
    - EXImageLoader
    - ExpoModulesCore
    - ZXingObjC/OneD
    - ZXingObjC/PDF417
  - EXCamera (13.4.4):
    - ExpoModulesCore
  - EXConstants (14.4.2):
    - ExpoModulesCore
  - EXFileSystem (15.4.5):
    - ExpoModulesCore
  - EXFont (11.4.0):
    - ExpoModulesCore
  - EXImageLoader (4.3.0):
    - ExpoModulesCore
    - React-Core
  - EXNotifications (0.20.1):
    - ExpoModulesCore
  - Expo (49.0.23):
    - ExpoModulesCore
  - ExpoClipboard (4.3.1):
    - ExpoModulesCore
  - ExpoCrypto (12.4.1):
    - ExpoModulesCore
  - ExpoDevice (5.4.0):
    - ExpoModulesCore
  - ExpoImagePicker (14.3.2):
    - ExpoModulesCore
  - ExpoKeepAwake (12.3.0):
    - ExpoModulesCore
  - ExpoLocalAuthentication (13.4.1):
    - ExpoModulesCore
  - ExpoModulesCore (1.5.13):
    - RCT-Folly (= 2021.07.22.00)
    - React-Core
    - React-NativeModulesApple
    - React-RCTAppDelegate
    - ReactCommon/turbomodule/core
  - ExpoSecureStore (12.3.1):
    - ExpoModulesCore
  - ExpoSpeech (11.3.0):
    - ExpoModulesCore
  - ExpoWebBrowser (12.3.2):
    - ExpoModulesCore
  - EXTaskManager (11.3.0):
    - ExpoModulesCore
    - UMAppLoader
  - FBLazyVector (0.72.10)
  - FBReactNativeSpec (0.72.10):
    - RCT-Folly (= 2021.07.22.00)
    - RCTRequired (= 0.72.10)
    - RCTTypeSafety (= 0.72.10)
    - React-Core (= 0.72.10)
    - React-jsi (= 0.72.10)
    - ReactCommon/turbomodule/core (= 0.72.10)
  - FirebaseCoreInternal (10.29.0):
    - "GoogleUtilities/NSData+zlib (~> 7.8)"
  - Flipper (0.182.0):
    - Flipper-Folly (~> 2.6)
  - Flipper-Boost-iOSX (1.76.0.1.11)
  - Flipper-DoubleConversion (3.2.0.1)
  - Flipper-Fmt (7.1.7)
  - Flipper-Folly (2.6.10):
    - Flipper-Boost-iOSX
    - Flipper-DoubleConversion
    - Flipper-Fmt (= 7.1.7)
    - Flipper-Glog
    - libevent (~> 2.1.12)
    - OpenSSL-Universal (= 1.1.1100)
  - Flipper-Glog (0.5.0.5)
  - Flipper-PeerTalk (0.0.4)
  - FlipperKit (0.182.0):
    - FlipperKit/Core (= 0.182.0)
  - FlipperKit/Core (0.182.0):
    - Flipper (~> 0.182.0)
    - FlipperKit/CppBridge
    - FlipperKit/FBCxxFollyDynamicConvert
    - FlipperKit/FBDefines
    - FlipperKit/FKPortForwarding
    - SocketRocket (~> 0.6.0)
  - FlipperKit/CppBridge (0.182.0):
    - Flipper (~> 0.182.0)
  - FlipperKit/FBCxxFollyDynamicConvert (0.182.0):
    - Flipper-Folly (~> 2.6)
  - FlipperKit/FBDefines (0.182.0)
  - FlipperKit/FKPortForwarding (0.182.0):
    - CocoaAsyncSocket (~> 7.6)
    - Flipper-PeerTalk (~> 0.0.4)
  - FlipperKit/FlipperKitHighlightOverlay (0.182.0)
  - FlipperKit/FlipperKitLayoutHelpers (0.182.0):
    - FlipperKit/Core
    - FlipperKit/FlipperKitHighlightOverlay
    - FlipperKit/FlipperKitLayoutTextSearchable
  - FlipperKit/FlipperKitLayoutIOSDescriptors (0.182.0):
    - FlipperKit/Core
    - FlipperKit/FlipperKitHighlightOverlay
    - FlipperKit/FlipperKitLayoutHelpers
    - YogaKit (~> 1.18)
  - FlipperKit/FlipperKitLayoutPlugin (0.182.0):
    - FlipperKit/Core
    - FlipperKit/FlipperKitHighlightOverlay
    - FlipperKit/FlipperKitLayoutHelpers
    - FlipperKit/FlipperKitLayoutIOSDescriptors
    - FlipperKit/FlipperKitLayoutTextSearchable
    - YogaKit (~> 1.18)
  - FlipperKit/FlipperKitLayoutTextSearchable (0.182.0)
  - FlipperKit/FlipperKitNetworkPlugin (0.182.0):
    - FlipperKit/Core
  - FlipperKit/FlipperKitReactPlugin (0.182.0):
    - FlipperKit/Core
  - FlipperKit/FlipperKitUserDefaultsPlugin (0.182.0):
    - FlipperKit/Core
  - FlipperKit/SKIOSNetworkPlugin (0.182.0):
    - FlipperKit/Core
    - FlipperKit/FlipperKitNetworkPlugin
  - fmt (6.2.1)
  - glog (0.3.5)
  - GoogleUtilities (7.13.3):
    - GoogleUtilities/AppDelegateSwizzler (= 7.13.3)
    - GoogleUtilities/Environment (= 7.13.3)
    - GoogleUtilities/ISASwizzler (= 7.13.3)
    - GoogleUtilities/Logger (= 7.13.3)
    - GoogleUtilities/MethodSwizzler (= 7.13.3)
    - GoogleUtilities/Network (= 7.13.3)
    - "GoogleUtilities/NSData+zlib (= 7.13.3)"
    - GoogleUtilities/Privacy (= 7.13.3)
    - GoogleUtilities/Reachability (= 7.13.3)
    - GoogleUtilities/SwizzlerTestHelpers (= 7.13.3)
    - GoogleUtilities/UserDefaults (= 7.13.3)
  - GoogleUtilities/AppDelegateSwizzler (7.13.3):
    - GoogleUtilities/Environment
    - GoogleUtilities/Logger
    - GoogleUtilities/Network
    - GoogleUtilities/Privacy
  - GoogleUtilities/Environment (7.13.3):
    - GoogleUtilities/Privacy
    - PromisesObjC (< 3.0, >= 1.2)
  - GoogleUtilities/ISASwizzler (7.13.3):
    - GoogleUtilities/Privacy
  - GoogleUtilities/Logger (7.13.3):
    - GoogleUtilities/Environment
    - GoogleUtilities/Privacy
  - GoogleUtilities/MethodSwizzler (7.13.3):
    - GoogleUtilities/Logger
    - GoogleUtilities/Privacy
  - GoogleUtilities/Network (7.13.3):
    - GoogleUtilities/Logger
    - "GoogleUtilities/NSData+zlib"
    - GoogleUtilities/Privacy
    - GoogleUtilities/Reachability
  - "GoogleUtilities/NSData+zlib (7.13.3)":
    - GoogleUtilities/Privacy
  - GoogleUtilities/Privacy (7.13.3)
  - GoogleUtilities/Reachability (7.13.3):
    - GoogleUtilities/Logger
    - GoogleUtilities/Privacy
  - GoogleUtilities/SwizzlerTestHelpers (7.13.3):
    - GoogleUtilities/MethodSwizzler
  - GoogleUtilities/UserDefaults (7.13.3):
    - GoogleUtilities/Logger
    - GoogleUtilities/Privacy
  - hermes-engine (0.72.10):
    - hermes-engine/Pre-built (= 0.72.10)
  - hermes-engine/Pre-built (0.72.10)
  - libevent (2.1.12)
  - lottie-ios (4.4.1)
  - lottie-react-native (6.7.2):
    - lottie-ios (= 4.4.1)
    - React-Core
  - OpenSSL-Universal (1.1.1100)
  - PromisesObjC (2.4.0)
  - RCT-Folly (2021.07.22.00):
    - boost
    - DoubleConversion
    - fmt (~> 6.2.1)
    - glog
    - RCT-Folly/Default (= 2021.07.22.00)
  - RCT-Folly/Default (2021.07.22.00):
    - boost
    - DoubleConversion
    - fmt (~> 6.2.1)
    - glog
  - RCT-Folly/Futures (2021.07.22.00):
    - boost
    - DoubleConversion
    - fmt (~> 6.2.1)
    - glog
    - libevent
  - RCTRequired (0.72.10)
  - RCTTypeSafety (0.72.10):
    - FBLazyVector (= 0.72.10)
    - RCTRequired (= 0.72.10)
    - React-Core (= 0.72.10)
  - React (0.72.10):
    - React-Core (= 0.72.10)
    - React-Core/DevSupport (= 0.72.10)
    - React-Core/RCTWebSocket (= 0.72.10)
    - React-RCTActionSheet (= 0.72.10)
    - React-RCTAnimation (= 0.72.10)
    - React-RCTBlob (= 0.72.10)
    - React-RCTImage (= 0.72.10)
    - React-RCTLinking (= 0.72.10)
    - React-RCTNetwork (= 0.72.10)
    - React-RCTSettings (= 0.72.10)
    - React-RCTText (= 0.72.10)
    - React-RCTVibration (= 0.72.10)
  - React-callinvoker (0.72.10)
  - React-Codegen (0.72.10):
    - DoubleConversion
    - FBReactNativeSpec
    - glog
    - hermes-engine
    - RCT-Folly
    - RCTRequired
    - RCTTypeSafety
    - React-Core
    - React-jsi
    - React-jsiexecutor
    - React-NativeModulesApple
    - React-rncore
    - ReactCommon/turbomodule/bridging
    - ReactCommon/turbomodule/core
  - React-Core (0.72.10):
    - glog
    - hermes-engine
    - RCT-Folly (= 2021.07.22.00)
    - React-Core/Default (= 0.72.10)
    - React-cxxreact
    - React-hermes
    - React-jsi
    - React-jsiexecutor
    - React-perflogger
    - React-runtimeexecutor
    - React-utils
    - SocketRocket (= 0.6.1)
    - Yoga
  - React-Core/CoreModulesHeaders (0.72.10):
    - glog
    - hermes-engine
    - RCT-Folly (= 2021.07.22.00)
    - React-Core/Default
    - React-cxxreact
    - React-hermes
    - React-jsi
    - React-jsiexecutor
    - React-perflogger
    - React-runtimeexecutor
    - React-utils
    - SocketRocket (= 0.6.1)
    - Yoga
  - React-Core/Default (0.72.10):
    - glog
    - hermes-engine
    - RCT-Folly (= 2021.07.22.00)
    - React-cxxreact
    - React-hermes
    - React-jsi
    - React-jsiexecutor
    - React-perflogger
    - React-runtimeexecutor
    - React-utils
    - SocketRocket (= 0.6.1)
    - Yoga
  - React-Core/DevSupport (0.72.10):
    - glog
    - hermes-engine
    - RCT-Folly (= 2021.07.22.00)
    - React-Core/Default (= 0.72.10)
    - React-Core/RCTWebSocket (= 0.72.10)
    - React-cxxreact
    - React-hermes
    - React-jsi
    - React-jsiexecutor
    - React-jsinspector (= 0.72.10)
    - React-perflogger
    - React-runtimeexecutor
    - React-utils
    - SocketRocket (= 0.6.1)
    - Yoga
  - React-Core/RCTActionSheetHeaders (0.72.10):
    - glog
    - hermes-engine
    - RCT-Folly (= 2021.07.22.00)
    - React-Core/Default
    - React-cxxreact
    - React-hermes
    - React-jsi
    - React-jsiexecutor
    - React-perflogger
    - React-runtimeexecutor
    - React-utils
    - SocketRocket (= 0.6.1)
    - Yoga
  - React-Core/RCTAnimationHeaders (0.72.10):
    - glog
    - hermes-engine
    - RCT-Folly (= 2021.07.22.00)
    - React-Core/Default
    - React-cxxreact
    - React-hermes
    - React-jsi
    - React-jsiexecutor
    - React-perflogger
    - React-runtimeexecutor
    - React-utils
    - SocketRocket (= 0.6.1)
    - Yoga
  - React-Core/RCTBlobHeaders (0.72.10):
    - glog
    - hermes-engine
    - RCT-Folly (= 2021.07.22.00)
    - React-Core/Default
    - React-cxxreact
    - React-hermes
    - React-jsi
    - React-jsiexecutor
    - React-perflogger
    - React-runtimeexecutor
    - React-utils
    - SocketRocket (= 0.6.1)
    - Yoga
  - React-Core/RCTImageHeaders (0.72.10):
    - glog
    - hermes-engine
    - RCT-Folly (= 2021.07.22.00)
    - React-Core/Default
    - React-cxxreact
    - React-hermes
    - React-jsi
    - React-jsiexecutor
    - React-perflogger
    - React-runtimeexecutor
    - React-utils
    - SocketRocket (= 0.6.1)
    - Yoga
  - React-Core/RCTLinkingHeaders (0.72.10):
    - glog
    - hermes-engine
    - RCT-Folly (= 2021.07.22.00)
    - React-Core/Default
    - React-cxxreact
    - React-hermes
    - React-jsi
    - React-jsiexecutor
    - React-perflogger
    - React-runtimeexecutor
    - React-utils
    - SocketRocket (= 0.6.1)
    - Yoga
  - React-Core/RCTNetworkHeaders (0.72.10):
    - glog
    - hermes-engine
    - RCT-Folly (= 2021.07.22.00)
    - React-Core/Default
    - React-cxxreact
    - React-hermes
    - React-jsi
    - React-jsiexecutor
    - React-perflogger
    - React-runtimeexecutor
    - React-utils
    - SocketRocket (= 0.6.1)
    - Yoga
  - React-Core/RCTSettingsHeaders (0.72.10):
    - glog
    - hermes-engine
    - RCT-Folly (= 2021.07.22.00)
    - React-Core/Default
    - React-cxxreact
    - React-hermes
    - React-jsi
    - React-jsiexecutor
    - React-perflogger
    - React-runtimeexecutor
    - React-utils
    - SocketRocket (= 0.6.1)
    - Yoga
  - React-Core/RCTTextHeaders (0.72.10):
    - glog
    - hermes-engine
    - RCT-Folly (= 2021.07.22.00)
    - React-Core/Default
    - React-cxxreact
    - React-hermes
    - React-jsi
    - React-jsiexecutor
    - React-perflogger
    - React-runtimeexecutor
    - React-utils
    - SocketRocket (= 0.6.1)
    - Yoga
  - React-Core/RCTVibrationHeaders (0.72.10):
    - glog
    - hermes-engine
    - RCT-Folly (= 2021.07.22.00)
    - React-Core/Default
    - React-cxxreact
    - React-hermes
    - React-jsi
    - React-jsiexecutor
    - React-perflogger
    - React-runtimeexecutor
    - React-utils
    - SocketRocket (= 0.6.1)
    - Yoga
  - React-Core/RCTWebSocket (0.72.10):
    - glog
    - hermes-engine
    - RCT-Folly (= 2021.07.22.00)
    - React-Core/Default (= 0.72.10)
    - React-cxxreact
    - React-hermes
    - React-jsi
    - React-jsiexecutor
    - React-perflogger
    - React-runtimeexecutor
    - React-utils
    - SocketRocket (= 0.6.1)
    - Yoga
  - React-CoreModules (0.72.10):
    - RCT-Folly (= 2021.07.22.00)
    - RCTTypeSafety (= 0.72.10)
    - React-Codegen (= 0.72.10)
    - React-Core/CoreModulesHeaders (= 0.72.10)
    - React-jsi (= 0.72.10)
    - React-RCTBlob
    - React-RCTImage (= 0.72.10)
    - ReactCommon/turbomodule/core (= 0.72.10)
    - SocketRocket (= 0.6.1)
  - React-cxxreact (0.72.10):
    - boost (= 1.76.0)
    - DoubleConversion
    - glog
    - hermes-engine
    - RCT-Folly (= 2021.07.22.00)
    - React-callinvoker (= 0.72.10)
    - React-debug (= 0.72.10)
    - React-jsi (= 0.72.10)
    - React-jsinspector (= 0.72.10)
    - React-logger (= 0.72.10)
    - React-perflogger (= 0.72.10)
    - React-runtimeexecutor (= 0.72.10)
  - React-debug (0.72.10)
  - React-hermes (0.72.10):
    - DoubleConversion
    - glog
    - hermes-engine
    - RCT-Folly (= 2021.07.22.00)
    - RCT-Folly/Futures (= 2021.07.22.00)
    - React-cxxreact (= 0.72.10)
    - React-jsi
    - React-jsiexecutor (= 0.72.10)
    - React-jsinspector (= 0.72.10)
    - React-perflogger (= 0.72.10)
  - React-jsi (0.72.10):
    - boost (= 1.76.0)
    - DoubleConversion
    - glog
    - hermes-engine
    - RCT-Folly (= 2021.07.22.00)
  - React-jsiexecutor (0.72.10):
    - DoubleConversion
    - glog
    - hermes-engine
    - RCT-Folly (= 2021.07.22.00)
    - React-cxxreact (= 0.72.10)
    - React-jsi (= 0.72.10)
    - React-perflogger (= 0.72.10)
  - React-jsinspector (0.72.10)
  - React-logger (0.72.10):
    - glog
  - react-native-blur (4.4.0):
    - RCT-Folly (= 2021.07.22.00)
    - React-Core
  - react-native-context-menu-view (1.15.0):
    - React
  - react-native-gdk (0.0.5):
    - React
    - React-callinvoker
    - React-Core
    - ReactCommon/turbomodule/core
  - react-native-netinfo (11.3.2):
    - React-Core
  - react-native-notifications (5.1.0):
    - React-Core
  - react-native-pager-view (6.2.0):
    - React-Core
  - react-native-quick-base64 (2.0.8):
    - React-Core
  - react-native-quick-crypto (0.6.1):
    - OpenSSL-Universal
    - React
    - React-callinvoker
    - React-Core
  - react-native-restart (0.0.27):
    - React-Core
  - react-native-safe-area-context (4.6.3):
    - RCT-Folly
    - RCTRequired
    - RCTTypeSafety
    - React-Core
    - ReactCommon/turbomodule/core
  - react-native-splash-screen (3.3.0):
    - React-Core
  - react-native-voice (3.2.4):
    - React-Core
  - react-native-webview (13.8.6):
    - RCT-Folly (= 2021.07.22.00)
    - React-Core
  - React-NativeModulesApple (0.72.10):
    - hermes-engine
    - React-callinvoker
    - React-Core
    - React-cxxreact
    - React-jsi
    - React-runtimeexecutor
    - ReactCommon/turbomodule/bridging
    - ReactCommon/turbomodule/core
  - React-perflogger (0.72.10)
  - React-RCTActionSheet (0.72.10):
    - React-Core/RCTActionSheetHeaders (= 0.72.10)
  - React-RCTAnimation (0.72.10):
    - RCT-Folly (= 2021.07.22.00)
    - RCTTypeSafety (= 0.72.10)
    - React-Codegen (= 0.72.10)
    - React-Core/RCTAnimationHeaders (= 0.72.10)
    - React-jsi (= 0.72.10)
    - ReactCommon/turbomodule/core (= 0.72.10)
  - React-RCTAppDelegate (0.72.10):
    - RCT-Folly
    - RCTRequired
    - RCTTypeSafety
    - React-Core
    - React-CoreModules
    - React-hermes
    - React-NativeModulesApple
    - React-RCTImage
    - React-RCTNetwork
    - React-runtimescheduler
    - ReactCommon/turbomodule/core
  - React-RCTBlob (0.72.10):
    - hermes-engine
    - RCT-Folly (= 2021.07.22.00)
    - React-Codegen (= 0.72.10)
    - React-Core/RCTBlobHeaders (= 0.72.10)
    - React-Core/RCTWebSocket (= 0.72.10)
    - React-jsi (= 0.72.10)
    - React-RCTNetwork (= 0.72.10)
    - ReactCommon/turbomodule/core (= 0.72.10)
  - React-RCTImage (0.72.10):
    - RCT-Folly (= 2021.07.22.00)
    - RCTTypeSafety (= 0.72.10)
    - React-Codegen (= 0.72.10)
    - React-Core/RCTImageHeaders (= 0.72.10)
    - React-jsi (= 0.72.10)
    - React-RCTNetwork (= 0.72.10)
    - ReactCommon/turbomodule/core (= 0.72.10)
  - React-RCTLinking (0.72.10):
    - React-Codegen (= 0.72.10)
    - React-Core/RCTLinkingHeaders (= 0.72.10)
    - React-jsi (= 0.72.10)
    - ReactCommon/turbomodule/core (= 0.72.10)
  - React-RCTNetwork (0.72.10):
    - RCT-Folly (= 2021.07.22.00)
    - RCTTypeSafety (= 0.72.10)
    - React-Codegen (= 0.72.10)
    - React-Core/RCTNetworkHeaders (= 0.72.10)
    - React-jsi (= 0.72.10)
    - ReactCommon/turbomodule/core (= 0.72.10)
  - React-RCTSettings (0.72.10):
    - RCT-Folly (= 2021.07.22.00)
    - RCTTypeSafety (= 0.72.10)
    - React-Codegen (= 0.72.10)
    - React-Core/RCTSettingsHeaders (= 0.72.10)
    - React-jsi (= 0.72.10)
    - ReactCommon/turbomodule/core (= 0.72.10)
  - React-RCTText (0.72.10):
    - React-Core/RCTTextHeaders (= 0.72.10)
  - React-RCTVibration (0.72.10):
    - RCT-Folly (= 2021.07.22.00)
    - React-Codegen (= 0.72.10)
    - React-Core/RCTVibrationHeaders (= 0.72.10)
    - React-jsi (= 0.72.10)
    - ReactCommon/turbomodule/core (= 0.72.10)
  - React-rncore (0.72.10)
  - React-runtimeexecutor (0.72.10):
    - React-jsi (= 0.72.10)
  - React-runtimescheduler (0.72.10):
    - glog
    - hermes-engine
    - RCT-Folly (= 2021.07.22.00)
    - React-callinvoker
    - React-debug
    - React-jsi
    - React-runtimeexecutor
  - React-utils (0.72.10):
    - glog
    - RCT-Folly (= 2021.07.22.00)
    - React-debug
  - ReactCommon/turbomodule/bridging (0.72.10):
    - DoubleConversion
    - glog
    - hermes-engine
    - RCT-Folly (= 2021.07.22.00)
    - React-callinvoker (= 0.72.10)
    - React-cxxreact (= 0.72.10)
    - React-jsi (= 0.72.10)
    - React-logger (= 0.72.10)
    - React-perflogger (= 0.72.10)
  - ReactCommon/turbomodule/core (0.72.10):
    - DoubleConversion
    - glog
    - hermes-engine
    - RCT-Folly (= 2021.07.22.00)
    - React-callinvoker (= 0.72.10)
    - React-cxxreact (= 0.72.10)
    - React-jsi (= 0.72.10)
    - React-logger (= 0.72.10)
    - React-perflogger (= 0.72.10)
  - RNCAsyncStorage (1.18.2):
    - React-Core
  - RNGestureHandler (2.12.1):
    - React-Core
  - RNReanimated (3.8.1):
    - RCT-Folly (= 2021.07.22.00)
    - React-Core
    - ReactCommon/turbomodule/core
  - RNScreens (3.22.1):
    - React-Core
    - React-RCTImage
  - RNSecureRandom (1.0.1):
    - React
  - RNSVG (15.3.0):
    - React-Core
  - SocketRocket (0.6.1)
  - UMAppLoader (4.2.0)
  - VisionCamera (3.8.2):
    - React
    - React-callinvoker
    - React-Core
  - Yoga (1.14.0)
  - YogaKit (1.18.1):
    - Yoga (~> 1.14)
  - ZXingObjC/Core (3.6.9)
  - ZXingObjC/OneD (3.6.9):
    - ZXingObjC/Core
  - ZXingObjC/PDF417 (3.6.9):
    - ZXingObjC/Core

DEPENDENCIES:
  - boost (from `../node_modules/react-native/third-party-podspecs/boost.podspec`)
  - "breez_sdk (from `../node_modules/@breeztech/react-native-breez-sdk`)"
  - DoubleConversion (from `../node_modules/react-native/third-party-podspecs/DoubleConversion.podspec`)
  - EXApplication (from `../node_modules/expo-application/ios`)
  - EXBarCodeScanner (from `../node_modules/expo-barcode-scanner/ios`)
  - EXCamera (from `../node_modules/expo-camera/ios`)
  - EXConstants (from `../node_modules/expo-constants/ios`)
  - EXFileSystem (from `../node_modules/expo-file-system/ios`)
  - EXFont (from `../node_modules/expo-font/ios`)
  - EXImageLoader (from `../node_modules/expo-image-loader/ios`)
  - EXNotifications (from `../node_modules/expo-notifications/ios`)
  - Expo (from `../node_modules/expo`)
  - ExpoClipboard (from `../node_modules/expo-clipboard/ios`)
  - ExpoCrypto (from `../node_modules/expo-crypto/ios`)
  - ExpoDevice (from `../node_modules/expo-device/ios`)
  - ExpoImagePicker (from `../node_modules/expo-image-picker/ios`)
  - ExpoKeepAwake (from `../node_modules/expo-keep-awake/ios`)
  - ExpoLocalAuthentication (from `../node_modules/expo-local-authentication/ios`)
  - ExpoModulesCore (from `../node_modules/expo-modules-core`)
  - ExpoSecureStore (from `../node_modules/expo-secure-store/ios`)
  - ExpoSpeech (from `../node_modules/expo-speech/ios`)
  - ExpoWebBrowser (from `../node_modules/expo-web-browser/ios`)
  - EXTaskManager (from `../node_modules/expo-task-manager/ios`)
  - FBLazyVector (from `../node_modules/react-native/Libraries/FBLazyVector`)
  - FBReactNativeSpec (from `../node_modules/react-native/React/FBReactNativeSpec`)
  - FirebaseCoreInternal
  - Flipper (= 0.182.0)
  - Flipper-Boost-iOSX (= 1.76.0.1.11)
  - Flipper-DoubleConversion (= 3.2.0.1)
  - Flipper-Fmt (= 7.1.7)
  - Flipper-Folly (= 2.6.10)
  - Flipper-Glog (= 0.5.0.5)
  - Flipper-PeerTalk (= 0.0.4)
  - FlipperKit (= 0.182.0)
  - FlipperKit/Core (= 0.182.0)
  - FlipperKit/CppBridge (= 0.182.0)
  - FlipperKit/FBCxxFollyDynamicConvert (= 0.182.0)
  - FlipperKit/FBDefines (= 0.182.0)
  - FlipperKit/FKPortForwarding (= 0.182.0)
  - FlipperKit/FlipperKitHighlightOverlay (= 0.182.0)
  - FlipperKit/FlipperKitLayoutPlugin (= 0.182.0)
  - FlipperKit/FlipperKitLayoutTextSearchable (= 0.182.0)
  - FlipperKit/FlipperKitNetworkPlugin (= 0.182.0)
  - FlipperKit/FlipperKitReactPlugin (= 0.182.0)
  - FlipperKit/FlipperKitUserDefaultsPlugin (= 0.182.0)
  - FlipperKit/SKIOSNetworkPlugin (= 0.182.0)
  - glog (from `../node_modules/react-native/third-party-podspecs/glog.podspec`)
  - GoogleUtilities
  - hermes-engine (from `../node_modules/react-native/sdks/hermes-engine/hermes-engine.podspec`)
  - libevent (~> 2.1.12)
  - lottie-react-native (from `../node_modules/lottie-react-native`)
  - OpenSSL-Universal
  - OpenSSL-Universal (= 1.1.1100)
  - RCT-Folly (from `../node_modules/react-native/third-party-podspecs/RCT-Folly.podspec`)
  - RCTRequired (from `../node_modules/react-native/Libraries/RCTRequired`)
  - RCTTypeSafety (from `../node_modules/react-native/Libraries/TypeSafety`)
  - React (from `../node_modules/react-native/`)
  - React-callinvoker (from `../node_modules/react-native/ReactCommon/callinvoker`)
  - React-Codegen (from `build/generated/ios`)
  - React-Core (from `../node_modules/react-native/`)
  - React-Core/DevSupport (from `../node_modules/react-native/`)
  - React-Core/RCTWebSocket (from `../node_modules/react-native/`)
  - React-CoreModules (from `../node_modules/react-native/React/CoreModules`)
  - React-cxxreact (from `../node_modules/react-native/ReactCommon/cxxreact`)
  - React-debug (from `../node_modules/react-native/ReactCommon/react/debug`)
  - React-hermes (from `../node_modules/react-native/ReactCommon/hermes`)
  - React-jsi (from `../node_modules/react-native/ReactCommon/jsi`)
  - React-jsiexecutor (from `../node_modules/react-native/ReactCommon/jsiexecutor`)
  - React-jsinspector (from `../node_modules/react-native/ReactCommon/jsinspector`)
  - React-logger (from `../node_modules/react-native/ReactCommon/logger`)
  - "react-native-blur (from `../node_modules/@react-native-community/blur`)"
  - react-native-context-menu-view (from `../node_modules/react-native-context-menu-view`)
  - "react-native-gdk (from `../node_modules/@vulpemventures/react-native-gdk`)"
  - "react-native-netinfo (from `../node_modules/@react-native-community/netinfo`)"
  - react-native-notifications (from `../node_modules/react-native-notifications`)
  - react-native-pager-view (from `../node_modules/react-native-pager-view`)
  - react-native-quick-base64 (from `../node_modules/react-native-quick-base64`)
  - react-native-quick-crypto (from `../node_modules/react-native-quick-crypto`)
  - react-native-restart (from `../node_modules/react-native-restart`)
  - react-native-safe-area-context (from `../node_modules/react-native-safe-area-context`)
  - react-native-splash-screen (from `../node_modules/react-native-splash-screen`)
  - "react-native-voice (from `../node_modules/@react-native-voice/voice`)"
  - react-native-webview (from `../node_modules/react-native-webview`)
  - React-NativeModulesApple (from `../node_modules/react-native/ReactCommon/react/nativemodule/core/platform/ios`)
  - React-perflogger (from `../node_modules/react-native/ReactCommon/reactperflogger`)
  - React-RCTActionSheet (from `../node_modules/react-native/Libraries/ActionSheetIOS`)
  - React-RCTAnimation (from `../node_modules/react-native/Libraries/NativeAnimation`)
  - React-RCTAppDelegate (from `../node_modules/react-native/Libraries/AppDelegate`)
  - React-RCTBlob (from `../node_modules/react-native/Libraries/Blob`)
  - React-RCTImage (from `../node_modules/react-native/Libraries/Image`)
  - React-RCTLinking (from `../node_modules/react-native/Libraries/LinkingIOS`)
  - React-RCTNetwork (from `../node_modules/react-native/Libraries/Network`)
  - React-RCTSettings (from `../node_modules/react-native/Libraries/Settings`)
  - React-RCTText (from `../node_modules/react-native/Libraries/Text`)
  - React-RCTVibration (from `../node_modules/react-native/Libraries/Vibration`)
  - React-rncore (from `../node_modules/react-native/ReactCommon`)
  - React-runtimeexecutor (from `../node_modules/react-native/ReactCommon/runtimeexecutor`)
  - React-runtimescheduler (from `../node_modules/react-native/ReactCommon/react/renderer/runtimescheduler`)
  - React-utils (from `../node_modules/react-native/ReactCommon/react/utils`)
  - ReactCommon/turbomodule/core (from `../node_modules/react-native/ReactCommon`)
  - "RNCAsyncStorage (from `../node_modules/@react-native-async-storage/async-storage`)"
  - RNGestureHandler (from `../node_modules/react-native-gesture-handler`)
  - RNReanimated (from `../node_modules/react-native-reanimated`)
  - RNScreens (from `../node_modules/react-native-screens`)
  - RNSecureRandom (from `../node_modules/react-native-securerandom`)
  - RNSVG (from `../node_modules/react-native-svg`)
  - UMAppLoader (from `../node_modules/unimodules-app-loader/ios`)
  - VisionCamera (from `../node_modules/react-native-vision-camera`)
  - Yoga (from `../node_modules/react-native/ReactCommon/yoga`)

SPEC REPOS:
  trunk:
    - breez_sdkFFI
    - BreezSDK
    - CocoaAsyncSocket
    - FirebaseCoreInternal
    - Flipper
    - Flipper-Boost-iOSX
    - Flipper-DoubleConversion
    - Flipper-Fmt
    - Flipper-Folly
    - Flipper-Glog
    - Flipper-PeerTalk
    - FlipperKit
    - fmt
    - GoogleUtilities
    - libevent
    - lottie-ios
    - OpenSSL-Universal
    - PromisesObjC
    - SocketRocket
    - YogaKit
    - ZXingObjC

EXTERNAL SOURCES:
  boost:
    :podspec: "../node_modules/react-native/third-party-podspecs/boost.podspec"
  breez_sdk:
    :path: "../node_modules/@breeztech/react-native-breez-sdk"
  DoubleConversion:
    :podspec: "../node_modules/react-native/third-party-podspecs/DoubleConversion.podspec"
  EXApplication:
    :path: "../node_modules/expo-application/ios"
  EXBarCodeScanner:
    :path: "../node_modules/expo-barcode-scanner/ios"
  EXCamera:
    :path: "../node_modules/expo-camera/ios"
  EXConstants:
    :path: "../node_modules/expo-constants/ios"
  EXFileSystem:
    :path: "../node_modules/expo-file-system/ios"
  EXFont:
    :path: "../node_modules/expo-font/ios"
  EXImageLoader:
    :path: "../node_modules/expo-image-loader/ios"
  EXNotifications:
    :path: "../node_modules/expo-notifications/ios"
  Expo:
    :path: "../node_modules/expo"
  ExpoClipboard:
    :path: "../node_modules/expo-clipboard/ios"
  ExpoCrypto:
    :path: "../node_modules/expo-crypto/ios"
  ExpoDevice:
    :path: "../node_modules/expo-device/ios"
  ExpoImagePicker:
    :path: "../node_modules/expo-image-picker/ios"
  ExpoKeepAwake:
    :path: "../node_modules/expo-keep-awake/ios"
  ExpoLocalAuthentication:
    :path: "../node_modules/expo-local-authentication/ios"
  ExpoModulesCore:
    :path: "../node_modules/expo-modules-core"
  ExpoSecureStore:
    :path: "../node_modules/expo-secure-store/ios"
  ExpoSpeech:
    :path: "../node_modules/expo-speech/ios"
  ExpoWebBrowser:
    :path: "../node_modules/expo-web-browser/ios"
  EXTaskManager:
    :path: "../node_modules/expo-task-manager/ios"
  FBLazyVector:
    :path: "../node_modules/react-native/Libraries/FBLazyVector"
  FBReactNativeSpec:
    :path: "../node_modules/react-native/React/FBReactNativeSpec"
  glog:
    :podspec: "../node_modules/react-native/third-party-podspecs/glog.podspec"
  hermes-engine:
    :podspec: "../node_modules/react-native/sdks/hermes-engine/hermes-engine.podspec"
  lottie-react-native:
    :path: "../node_modules/lottie-react-native"
  RCT-Folly:
    :podspec: "../node_modules/react-native/third-party-podspecs/RCT-Folly.podspec"
  RCTRequired:
    :path: "../node_modules/react-native/Libraries/RCTRequired"
  RCTTypeSafety:
    :path: "../node_modules/react-native/Libraries/TypeSafety"
  React:
    :path: "../node_modules/react-native/"
  React-callinvoker:
    :path: "../node_modules/react-native/ReactCommon/callinvoker"
  React-Codegen:
    :path: build/generated/ios
  React-Core:
    :path: "../node_modules/react-native/"
  React-CoreModules:
    :path: "../node_modules/react-native/React/CoreModules"
  React-cxxreact:
    :path: "../node_modules/react-native/ReactCommon/cxxreact"
  React-debug:
    :path: "../node_modules/react-native/ReactCommon/react/debug"
  React-hermes:
    :path: "../node_modules/react-native/ReactCommon/hermes"
  React-jsi:
    :path: "../node_modules/react-native/ReactCommon/jsi"
  React-jsiexecutor:
    :path: "../node_modules/react-native/ReactCommon/jsiexecutor"
  React-jsinspector:
    :path: "../node_modules/react-native/ReactCommon/jsinspector"
  React-logger:
    :path: "../node_modules/react-native/ReactCommon/logger"
  react-native-blur:
    :path: "../node_modules/@react-native-community/blur"
  react-native-context-menu-view:
    :path: "../node_modules/react-native-context-menu-view"
  react-native-gdk:
    :path: "../node_modules/@vulpemventures/react-native-gdk"
  react-native-netinfo:
    :path: "../node_modules/@react-native-community/netinfo"
  react-native-notifications:
    :path: "../node_modules/react-native-notifications"
  react-native-pager-view:
    :path: "../node_modules/react-native-pager-view"
  react-native-quick-base64:
    :path: "../node_modules/react-native-quick-base64"
  react-native-quick-crypto:
    :path: "../node_modules/react-native-quick-crypto"
  react-native-restart:
    :path: "../node_modules/react-native-restart"
  react-native-safe-area-context:
    :path: "../node_modules/react-native-safe-area-context"
  react-native-splash-screen:
    :path: "../node_modules/react-native-splash-screen"
  react-native-voice:
    :path: "../node_modules/@react-native-voice/voice"
  react-native-webview:
    :path: "../node_modules/react-native-webview"
  React-NativeModulesApple:
    :path: "../node_modules/react-native/ReactCommon/react/nativemodule/core/platform/ios"
  React-perflogger:
    :path: "../node_modules/react-native/ReactCommon/reactperflogger"
  React-RCTActionSheet:
    :path: "../node_modules/react-native/Libraries/ActionSheetIOS"
  React-RCTAnimation:
    :path: "../node_modules/react-native/Libraries/NativeAnimation"
  React-RCTAppDelegate:
    :path: "../node_modules/react-native/Libraries/AppDelegate"
  React-RCTBlob:
    :path: "../node_modules/react-native/Libraries/Blob"
  React-RCTImage:
    :path: "../node_modules/react-native/Libraries/Image"
  React-RCTLinking:
    :path: "../node_modules/react-native/Libraries/LinkingIOS"
  React-RCTNetwork:
    :path: "../node_modules/react-native/Libraries/Network"
  React-RCTSettings:
    :path: "../node_modules/react-native/Libraries/Settings"
  React-RCTText:
    :path: "../node_modules/react-native/Libraries/Text"
  React-RCTVibration:
    :path: "../node_modules/react-native/Libraries/Vibration"
  React-rncore:
    :path: "../node_modules/react-native/ReactCommon"
  React-runtimeexecutor:
    :path: "../node_modules/react-native/ReactCommon/runtimeexecutor"
  React-runtimescheduler:
    :path: "../node_modules/react-native/ReactCommon/react/renderer/runtimescheduler"
  React-utils:
    :path: "../node_modules/react-native/ReactCommon/react/utils"
  ReactCommon:
    :path: "../node_modules/react-native/ReactCommon"
  RNCAsyncStorage:
    :path: "../node_modules/@react-native-async-storage/async-storage"
  RNGestureHandler:
    :path: "../node_modules/react-native-gesture-handler"
  RNReanimated:
    :path: "../node_modules/react-native-reanimated"
  RNScreens:
    :path: "../node_modules/react-native-screens"
  RNSecureRandom:
    :path: "../node_modules/react-native-securerandom"
  RNSVG:
    :path: "../node_modules/react-native-svg"
  UMAppLoader:
    :path: "../node_modules/unimodules-app-loader/ios"
  VisionCamera:
    :path: "../node_modules/react-native-vision-camera"
  Yoga:
    :path: "../node_modules/react-native/ReactCommon/yoga"

SPEC CHECKSUMS:
  boost: 7dcd2de282d72e344012f7d6564d024930a6a440
  breez_sdk: 29b4db3aed5d0ce847260278f0bbcc161dbb48fd
  breez_sdkFFI: 8b5679a6502e2b66b3c2b0d430c5fdd088e99c73
  BreezSDK: 47a0041c79fd960a5317c1020dee5e89a493dced
  CocoaAsyncSocket: 065fd1e645c7abab64f7a6a2007a48038fdc6a99
  DoubleConversion: 5189b271737e1565bdce30deb4a08d647e3f5f54
  EXApplication: 042aa2e3f05258a16962ea1a9914bf288db9c9a1
  EXBarCodeScanner: 44783bf0be375ab18a838dcfef29dd648397000a
  EXCamera: 6e6e79bf01a2b8190268d93297d8e79a843d5ede
  EXConstants: ce5bbea779da8031ac818c36bea41b10e14d04e1
  EXFileSystem: f8b838a880254de42a5a7da20ed5ce12e2697c1b
  EXFont: 738c44c390953ebcbab075a4848bfbef025fd9ee
  EXImageLoader: 34b214f9387e98f3c73989f15d8d5b399c9ab3f7
  EXNotifications: 09394cbd7165f9a4a00a53328aa09bf874bae717
  Expo: ba9abdf444dc6d2c05a82c4c1b51a2400beb6167
  ExpoClipboard: 695f274f8e028cd113837f917da40c76850877eb
  ExpoCrypto: a382ab9a2fa91f0b511ce1fe4d6baecee40a1615
  ExpoDevice: 1c1b0c9cad96c292c1de73948649cfd654b2b3c0
  ExpoImagePicker: c58fdf28be551681a8edc550bcec76c397a8dfcd
  ExpoKeepAwake: be4cbd52d9b177cde0fd66daa1913afa3161fc1d
  ExpoLocalAuthentication: bd9d9037a96a11ccc456e327ddb404df02da10ca
  ExpoModulesCore: cf14fc49a3d5df3ed3cf2a38fc758d073bfd1c13
  ExpoSecureStore: 57db3b6da8b59046e2057e95bf7738a8027b47c3
  ExpoSpeech: 3c06cdcd31c07889a9f7085c2496ab97364427be
  ExpoWebBrowser: 2c788f9c07718a780fe6d8bf2f6195c47609faaa
  EXTaskManager: f1730c315eb6fe457a3a2ee4ed899a51d717f302
  FBLazyVector: f91d538f197fa71a7d5b77ec2069d49550c0eb96
  FBReactNativeSpec: b13d1c23d6ed82d6b66aad7a253edf8ba76c4a4c
  FirebaseCoreInternal: df84dd300b561c27d5571684f389bf60b0a5c934
  Flipper: 6edb735e6c3e332975d1b17956bcc584eccf5818
  Flipper-Boost-iOSX: fd1e2b8cbef7e662a122412d7ac5f5bea715403c
  Flipper-DoubleConversion: 2dc99b02f658daf147069aad9dbd29d8feb06d30
  Flipper-Fmt: 60cbdd92fc254826e61d669a5d87ef7015396a9b
  Flipper-Folly: 584845625005ff068a6ebf41f857f468decd26b3
  Flipper-Glog: 70c50ce58ddaf67dc35180db05f191692570f446
  Flipper-PeerTalk: 116d8f857dc6ef55c7a5a75ea3ceaafe878aadc9
  FlipperKit: 2efad7007d6745a3f95e4034d547be637f89d3f6
  fmt: ff9d55029c625d3757ed641535fd4a75fedc7ce9
  glog: 04b94705f318337d7ead9e6d17c019bd9b1f6b1b
  GoogleUtilities: ea963c370a38a8069cc5f7ba4ca849a60b6d7d15
  hermes-engine: 90e4033deb00bee33330a9f15eff0f874bd82f6d
  libevent: 4049cae6c81cdb3654a443be001fb9bdceff7913
  lottie-ios: e047b1d2e6239b787cc5e9755b988869cf190494
  lottie-react-native: 17547b2f3c7034e2ae8672833fdb63262164d18a
  OpenSSL-Universal: ebc357f1e6bc71fa463ccb2fe676756aff50e88c
  PromisesObjC: f5707f49cb48b9636751c5b2e7d227e43fba9f47
  RCT-Folly: 424b8c9a7a0b9ab2886ffe9c3b041ef628fd4fb1
  RCTRequired: b4d3068afa6f52ec5260a8417053b1f1b421483d
  RCTTypeSafety: a4551b3d338c96435f63bf06d564055c1d3cc0ac
  React: 66caa2a8192a35d7ba466a5fdf5dc06ee4a5f6dd
  React-callinvoker: e5b55e46894c2dd1bcdc19d4f82b0f7f631d1237
  React-Codegen: 0cf41e00026c5eba61f6bdcabd6e4bf659754f33
  React-Core: 2ce84187a00913f287b96753c56c7819ed7d90d5
  React-CoreModules: 893e7c5eed1ef8fe9e1ee1d913581c946e55b305
  React-cxxreact: 075d98dc664c0e9607cc0c45d41dc052bcc7313b
  React-debug: abc6213dcb9eafcf5242cbb194fef4c70c91871f
  React-hermes: 133cfa220ef836406f693ed7db56a509032ce433
  React-jsi: 9b45fd040d575f8ae6771bf1960641a58eb0bdd4
  React-jsiexecutor: 45ef2ec6dcde31b90469175ec76ddac77b91dfc3
  React-jsinspector: de0198127395fec3058140a20c045167f761bb16
  React-logger: dc3a2b174d79c2da635059212747d8d929b54e06
  react-native-blur: 69ecfe61d81b32ee7baae10f5d17aeb4e2594b10
  react-native-context-menu-view: dcec18eb8882e20596dbb75802e7d19cb87dac02
  react-native-gdk: ec6a391b673a2321a3539e8f50255b54645ae14f
  react-native-netinfo: 076df4f9b07f6670acf4ce9a75aac8d34c2e2ccc
  react-native-notifications: 4601a5a8db4ced6ae7cfc43b44d35fe437ac50c4
  react-native-pager-view: 0ccb8bf60e2ebd38b1f3669fa3650ecce81db2df
  react-native-quick-base64: 777057ea4286f806b00259ede65dc79c7c706320
  react-native-quick-crypto: 455c1b411db006dba1026a30681ececb19180187
  react-native-restart: 7595693413fe3ca15893702f2c8306c62a708162
  react-native-safe-area-context: 36cc67648134e89465663b8172336a19eeda493d
  react-native-splash-screen: 4312f786b13a81b5169ef346d76d33bc0c6dc457
  react-native-voice: f5e8eec2278451d0017eb6a30a6ccc726aca34e0
  react-native-webview: a987704e6cd3f5a21d372ef316e43f7b442d59ca
  React-NativeModulesApple: c3e696ff867e4bc212266cbdf7e862e48a0166fd
  React-perflogger: 43287389ea08993c300897a46f95cfac04bb6c1a
  React-RCTActionSheet: 923afe77f9bb89da7c1f98e2730bfc9dde0eed6d
  React-RCTAnimation: afd4d94c5e1f731e32ac99800850be06564ac642
  React-RCTAppDelegate: fb2e1447d014557f29e214fe2eb777442f808a3b
  React-RCTBlob: 167e2c6c3643f093058c51e76ecc653fc8236033
  React-RCTImage: 867de82a17630a08a3fa64b0cd6677dd19bf6eaf
  React-RCTLinking: 885dde8bc5d397c3e72c76315f1f9b5030b3a70e
  React-RCTNetwork: efec71102220b96ac8605d0253debd859ca0c817
  React-RCTSettings: 077065d0a4e925b017fe8538afa574d8fb52391f
  React-RCTText: 7adddb518ac362b2398fedf0c64105e0dab29441
  React-RCTVibration: de6b7218e415d82788e0965f278dddb2ef88b372
  React-rncore: f0d8c23481a6c263a343fa7fd3816d943754b720
  React-runtimeexecutor: 2b2c09edbca4c9a667428e8c93959f66b3b53140
  React-runtimescheduler: 6ca43e8deadf01ff06b3f01abf8f0e4d508e23c3
  React-utils: 372b83030a74347331636909278bf0a60ec30d59
  ReactCommon: 38824bfffaf4c51fbe03a2730b4fd874ef34d67b
  RNCAsyncStorage: ddc4ee162bfd41b0d2c68bf2d95acd81dd7f1f93
  RNGestureHandler: c0d04458598fcb26052494ae23dda8f8f5162b13
  RNReanimated: f4798af7dede23d41039f0bc372710ead86e90c7
  RNScreens: 50ffe2fa2342eabb2d0afbe19f7c1af286bc7fb3
  RNSecureRandom: 07efbdf2cd99efe13497433668e54acd7df49fef
  RNSVG: a48668fd382115bc89761ce291a81c4ca5f2fd2e
  SocketRocket: f32cd54efbe0f095c4d7594881e52619cfe80b17
  UMAppLoader: e83f024f75f07802fce99739f04b4537d188caaf
  VisionCamera: 4b98b273902ac18491bb68481b6601f1f0da0f2d
  Yoga: d0003f849d2b5224c072cef6568b540d8bb15cd3
  YogaKit: f782866e155069a2cca2517aafea43200b01fd5a
  ZXingObjC: 8898711ab495761b2dbbdec76d90164a6d7e14c5

PODFILE CHECKSUM: 79dadf32a914d6c622e91b4a50239a75cdea0123

COCOAPODS: 1.15.2
